// !$*UTF8*$!
{
	archiveVersion = 1;
	classes = {
	};
	objectVersion = 56;
	objects = {

/* Begin PBXBuildFile section */
		637D9C6228912B7E00E8BC19 /* AppDelegate.swift in Sources */ = {isa = PBXBuildFile; fileRef = 637D9C6128912B7E00E8BC19 /* AppDelegate.swift */; };
		637D9C6428912B7E00E8BC19 /* SceneDelegate.swift in Sources */ = {isa = PBXBuildFile; fileRef = 637D9C6328912B7E00E8BC19 /* SceneDelegate.swift */; };
		637D9C6628912B7E00E8BC19 /* ViewController.swift in Sources */ = {isa = PBXBuildFile; fileRef = 637D9C6528912B7E00E8BC19 /* ViewController.swift */; };
		637D9C6928912B7E00E8BC19 /* Main.storyboard in Resources */ = {isa = PBXBuildFile; fileRef = 637D9C6728912B7E00E8BC19 /* Main.storyboard */; };
		637D9C6B28912B8000E8BC19 /* Assets.xcassets in Resources */ = {isa = PBXBuildFile; fileRef = 637D9C6A28912B8000E8BC19 /* Assets.xcassets */; };
		637D9C6E28912B8000E8BC19 /* LaunchScreen.storyboard in Resources */ = {isa = PBXBuildFile; fileRef = 637D9C6C28912B8000E8BC19 /* LaunchScreen.storyboard */; };
		637D9C7628912BC700E8BC19 /* ScrollbarView.swift in Sources */ = {isa = PBXBuildFile; fileRef = 637D9C7528912BC700E8BC19 /* ScrollbarView.swift */; };
		637D9C7928912CDD00E8BC19 /* ScrollbarView+Protocol.swift in Sources */ = {isa = PBXBuildFile; fileRef = 637D9C7828912CDD00E8BC19 /* ScrollbarView+Protocol.swift */; };
		637D9C7B28912D8E00E8BC19 /* ScrollbarViewItem.swift in Sources */ = {isa = PBXBuildFile; fileRef = 637D9C7A28912D8E00E8BC19 /* ScrollbarViewItem.swift */; };
		637D9C7F28928F4500E8BC19 /* ScrollbarViewFlowLayout.swift in Sources */ = {isa = PBXBuildFile; fileRef = 637D9C7E28928F4500E8BC19 /* ScrollbarViewFlowLayout.swift */; };
		637D9C812892972800E8BC19 /* ScrollbarArrowView.swift in Sources */ = {isa = PBXBuildFile; fileRef = 637D9C802892972800E8BC19 /* ScrollbarArrowView.swift */; };
		637D9C842893498100E8BC19 /* ScrollbarViewImageItem.swift in Sources */ = {isa = PBXBuildFile; fileRef = 637D9C832893498100E8BC19 /* ScrollbarViewImageItem.swift */; };
		637D9C86289355A900E8BC19 /* ScrollbarViewTextItem.swift in Sources */ = {isa = PBXBuildFile; fileRef = 637D9C85289355A900E8BC19 /* ScrollbarViewTextItem.swift */; };
		637D9C882893DEDE00E8BC19 /* ScrollbarCollectionView.swift in Sources */ = {isa = PBXBuildFile; fileRef = 637D9C872893DEDE00E8BC19 /* ScrollbarCollectionView.swift */; };
/* End PBXBuildFile section */

/* Begin PBXFileReference section */
		637D9C5E28912B7E00E8BC19 /* ScrollBarDemo.app */ = {isa = PBXFileReference; explicitFileType = wrapper.application; includeInIndex = 0; path = ScrollBarDemo.app; sourceTree = BUILT_PRODUCTS_DIR; };
		637D9C6128912B7E00E8BC19 /* AppDelegate.swift */ = {isa = PBXFileReference; lastKnownFileType = sourcecode.swift; path = AppDelegate.swift; sourceTree = "<group>"; };
		637D9C6328912B7E00E8BC19 /* SceneDelegate.swift */ = {isa = PBXFileReference; lastKnownFileType = sourcecode.swift; path = SceneDelegate.swift; sourceTree = "<group>"; };
		637D9C6528912B7E00E8BC19 /* ViewController.swift */ = {isa = PBXFileReference; lastKnownFileType = sourcecode.swift; path = ViewController.swift; sourceTree = "<group>"; };
		637D9C6828912B7E00E8BC19 /* Base */ = {isa = PBXFileReference; lastKnownFileType = file.storyboard; name = Base; path = Base.lproj/Main.storyboard; sourceTree = "<group>"; };
		637D9C6A28912B8000E8BC19 /* Assets.xcassets */ = {isa = PBXFileReference; lastKnownFileType = folder.assetcatalog; path = Assets.xcassets; sourceTree = "<group>"; };
		637D9C6D28912B8000E8BC19 /* Base */ = {isa = PBXFileReference; lastKnownFileType = file.storyboard; name = Base; path = Base.lproj/LaunchScreen.storyboard; sourceTree = "<group>"; };
		637D9C6F28912B8000E8BC19 /* Info.plist */ = {isa = PBXFileReference; lastKnownFileType = text.plist.xml; path = Info.plist; sourceTree = "<group>"; };
		637D9C7528912BC700E8BC19 /* ScrollbarView.swift */ = {isa = PBXFileReference; lastKnownFileType = sourcecode.swift; path = ScrollbarView.swift; sourceTree = "<group>"; };
		637D9C7728912C5200E8BC19 /* ScrollBarDemo.entitlements */ = {isa = PBXFileReference; lastKnownFileType = text.plist.entitlements; path = ScrollBarDemo.entitlements; sourceTree = "<group>"; };
		637D9C7828912CDD00E8BC19 /* ScrollbarView+Protocol.swift */ = {isa = PBXFileReference; lastKnownFileType = sourcecode.swift; path = "ScrollbarView+Protocol.swift"; sourceTree = "<group>"; };
		637D9C7A28912D8E00E8BC19 /* ScrollbarViewItem.swift */ = {isa = PBXFileReference; lastKnownFileType = sourcecode.swift; path = ScrollbarViewItem.swift; sourceTree = "<group>"; };
		637D9C7E28928F4500E8BC19 /* ScrollbarViewFlowLayout.swift */ = {isa = PBXFileReference; lastKnownFileType = sourcecode.swift; path = ScrollbarViewFlowLayout.swift; sourceTree = "<group>"; };
		637D9C802892972800E8BC19 /* ScrollbarArrowView.swift */ = {isa = PBXFileReference; lastKnownFileType = sourcecode.swift; path = ScrollbarArrowView.swift; sourceTree = "<group>"; };
		637D9C832893498100E8BC19 /* ScrollbarViewImageItem.swift */ = {isa = PBXFileReference; lastKnownFileType = sourcecode.swift; path = ScrollbarViewImageItem.swift; sourceTree = "<group>"; };
		637D9C85289355A900E8BC19 /* ScrollbarViewTextItem.swift */ = {isa = PBXFileReference; lastKnownFileType = sourcecode.swift; path = ScrollbarViewTextItem.swift; sourceTree = "<group>"; };
		637D9C872893DEDE00E8BC19 /* ScrollbarCollectionView.swift */ = {isa = PBXFileReference; lastKnownFileType = sourcecode.swift; path = ScrollbarCollectionView.swift; sourceTree = "<group>"; };
/* End PBXFileReference section */

/* Begin PBXFrameworksBuildPhase section */
		637D9C5B28912B7E00E8BC19 /* Frameworks */ = {
			isa = PBXFrameworksBuildPhase;
			buildActionMask = 2147483647;
			files = (
			);
			runOnlyForDeploymentPostprocessing = 0;
		};
/* End PBXFrameworksBuildPhase section */

/* Begin PBXGroup section */
		637D9C5528912B7E00E8BC19 = {
			isa = PBXGroup;
			children = (
				637D9C6028912B7E00E8BC19 /* ScrollBarDemo */,
				637D9C5F28912B7E00E8BC19 /* Products */,
			);
			sourceTree = "<group>";
		};
		637D9C5F28912B7E00E8BC19 /* Products */ = {
			isa = PBXGroup;
			children = (
				637D9C5E28912B7E00E8BC19 /* ScrollBarDemo.app */,
			);
			name = Products;
			sourceTree = "<group>";
		};
		637D9C6028912B7E00E8BC19 /* ScrollBarDemo */ = {
			isa = PBXGroup;
			children = (
				637D9C7728912C5200E8BC19 /* ScrollBarDemo.entitlements */,
				637D9C6128912B7E00E8BC19 /* AppDelegate.swift */,
				637D9C6328912B7E00E8BC19 /* SceneDelegate.swift */,
				637D9C6528912B7E00E8BC19 /* ViewController.swift */,
				637D9C822892972E00E8BC19 /* ScrollbarView */,
				637D9C6728912B7E00E8BC19 /* Main.storyboard */,
				637D9C6A28912B8000E8BC19 /* Assets.xcassets */,
				637D9C6C28912B8000E8BC19 /* LaunchScreen.storyboard */,
				637D9C6F28912B8000E8BC19 /* Info.plist */,
			);
			path = ScrollBarDemo;
			sourceTree = "<group>";
		};
		637D9C822892972E00E8BC19 /* ScrollbarView */ = {
			isa = PBXGroup;
			children = (
				63B8DEFA289524FF00CA3AD9 /* Internal */,
				63B8DEF828951FF900CA3AD9 /* ScrollbarItems */,
				637D9C7528912BC700E8BC19 /* ScrollbarView.swift */,
				637D9C7828912CDD00E8BC19 /* ScrollbarView+Protocol.swift */,
			);
			path = ScrollbarView;
			sourceTree = "<group>";
		};
		63B8DEF828951FF900CA3AD9 /* ScrollbarItems */ = {
			isa = PBXGroup;
			children = (
				637D9C7A28912D8E00E8BC19 /* ScrollbarViewItem.swift */,
				637D9C832893498100E8BC19 /* ScrollbarViewImageItem.swift */,
				637D9C85289355A900E8BC19 /* ScrollbarViewTextItem.swift */,
			);
			path = ScrollbarItems;
			sourceTree = "<group>";
		};
		63B8DEF9289524E300CA3AD9 /* ScrollbarCollectionView */ = {
			isa = PBXGroup;
			children = (
				637D9C872893DEDE00E8BC19 /* ScrollbarCollectionView.swift */,
				637D9C7E28928F4500E8BC19 /* ScrollbarViewFlowLayout.swift */,
			);
			path = ScrollbarCollectionView;
			sourceTree = "<group>";
		};
		63B8DEFA289524FF00CA3AD9 /* Internal */ = {
			isa = PBXGroup;
			children = (
				637D9C802892972800E8BC19 /* ScrollbarArrowView.swift */,
				63B8DEF9289524E300CA3AD9 /* ScrollbarCollectionView */,
			);
			path = Internal;
			sourceTree = "<group>";
		};
/* End PBXGroup section */

/* Begin PBXNativeTarget section */
		637D9C5D28912B7E00E8BC19 /* ScrollBarDemo */ = {
			isa = PBXNativeTarget;
			buildConfigurationList = 637D9C7228912B8000E8BC19 /* Build configuration list for PBXNativeTarget "ScrollBarDemo" */;
			buildPhases = (
				637D9C5A28912B7E00E8BC19 /* Sources */,
				637D9C5B28912B7E00E8BC19 /* Frameworks */,
				637D9C5C28912B7E00E8BC19 /* Resources */,
			);
			buildRules = (
			);
			dependencies = (
			);
			name = ScrollBarDemo;
			productName = ScrollBarDemo;
			productReference = 637D9C5E28912B7E00E8BC19 /* ScrollBarDemo.app */;
			productType = "com.apple.product-type.application";
		};
/* End PBXNativeTarget section */

/* Begin PBXProject section */
		637D9C5628912B7E00E8BC19 /* Project object */ = {
			isa = PBXProject;
			attributes = {
				BuildIndependentTargetsInParallel = 1;
				LastSwiftUpdateCheck = 1400;
				LastUpgradeCheck = 1400;
				TargetAttributes = {
					637D9C5D28912B7E00E8BC19 = {
						CreatedOnToolsVersion = 14.0;
					};
				};
			};
			buildConfigurationList = 637D9C5928912B7E00E8BC19 /* Build configuration list for PBXProject "ScrollBarDemo" */;
			compatibilityVersion = "Xcode 14.0";
			developmentRegion = en;
			hasScannedForEncodings = 0;
			knownRegions = (
				en,
				Base,
			);
			mainGroup = 637D9C5528912B7E00E8BC19;
			productRefGroup = 637D9C5F28912B7E00E8BC19 /* Products */;
			projectDirPath = "";
			projectRoot = "";
			targets = (
				637D9C5D28912B7E00E8BC19 /* ScrollBarDemo */,
			);
		};
/* End PBXProject section */

/* Begin PBXResourcesBuildPhase section */
		637D9C5C28912B7E00E8BC19 /* Resources */ = {
			isa = PBXResourcesBuildPhase;
			buildActionMask = 2147483647;
			files = (
				637D9C6E28912B8000E8BC19 /* LaunchScreen.storyboard in Resources */,
				637D9C6B28912B8000E8BC19 /* Assets.xcassets in Resources */,
				637D9C6928912B7E00E8BC19 /* Main.storyboard in Resources */,
			);
			runOnlyForDeploymentPostprocessing = 0;
		};
/* End PBXResourcesBuildPhase section */

/* Begin PBXSourcesBuildPhase section */
		637D9C5A28912B7E00E8BC19 /* Sources */ = {
			isa = PBXSourcesBuildPhase;
			buildActionMask = 2147483647;
			files = (
				637D9C6628912B7E00E8BC19 /* ViewController.swift in Sources */,
				637D9C7628912BC700E8BC19 /* ScrollbarView.swift in Sources */,
				637D9C7B28912D8E00E8BC19 /* ScrollbarViewItem.swift in Sources */,
				637D9C882893DEDE00E8BC19 /* ScrollbarCollectionView.swift in Sources */,
				637D9C86289355A900E8BC19 /* ScrollbarViewTextItem.swift in Sources */,
				637D9C842893498100E8BC19 /* ScrollbarViewImageItem.swift in Sources */,
				637D9C7F28928F4500E8BC19 /* ScrollbarViewFlowLayout.swift in Sources */,
				637D9C7928912CDD00E8BC19 /* ScrollbarView+Protocol.swift in Sources */,
				637D9C6228912B7E00E8BC19 /* AppDelegate.swift in Sources */,
				637D9C812892972800E8BC19 /* ScrollbarArrowView.swift in Sources */,
				637D9C6428912B7E00E8BC19 /* SceneDelegate.swift in Sources */,
			);
			runOnlyForDeploymentPostprocessing = 0;
		};
/* End PBXSourcesBuildPhase section */

/* Begin PBXVariantGroup section */
		637D9C6728912B7E00E8BC19 /* Main.storyboard */ = {
			isa = PBXVariantGroup;
			children = (
				637D9C6828912B7E00E8BC19 /* Base */,
			);
			name = Main.storyboard;
			sourceTree = "<group>";
		};
		637D9C6C28912B8000E8BC19 /* LaunchScreen.storyboard */ = {
			isa = PBXVariantGroup;
			children = (
				637D9C6D28912B8000E8BC19 /* Base */,
			);
			name = LaunchScreen.storyboard;
			sourceTree = "<group>";
		};
/* End PBXVariantGroup section */

/* Begin XCBuildConfiguration section */
		637D9C7028912B8000E8BC19 /* Debug */ = {
			isa = XCBuildConfiguration;
			buildSettings = {
				ALWAYS_SEARCH_USER_PATHS = NO;
				CLANG_ANALYZER_NONNULL = YES;
				CLANG_ANALYZER_NUMBER_OBJECT_CONVERSION = YES_AGGRESSIVE;
				CLANG_CXX_LANGUAGE_STANDARD = "gnu++17";
				CLANG_ENABLE_MODULES = YES;
				CLANG_ENABLE_OBJC_ARC = YES;
				CLANG_ENABLE_OBJC_WEAK = YES;
				CLANG_WARN_BLOCK_CAPTURE_AUTORELEASING = YES;
				CLANG_WARN_BOOL_CONVERSION = YES;
				CLANG_WARN_COMMA = YES;
				CLANG_WARN_CONSTANT_CONVERSION = YES;
				CLANG_WARN_DEPRECATED_OBJC_IMPLEMENTATIONS = YES;
				CLANG_WARN_DIRECT_OBJC_ISA_USAGE = YES_ERROR;
				CLANG_WARN_DOCUMENTATION_COMMENTS = YES;
				CLANG_WARN_EMPTY_BODY = YES;
				CLANG_WARN_ENUM_CONVERSION = YES;
				CLANG_WARN_INFINITE_RECURSION = YES;
				CLANG_WARN_INT_CONVERSION = YES;
				CLANG_WARN_NON_LITERAL_NULL_CONVERSION = YES;
				CLANG_WARN_OBJC_IMPLICIT_RETAIN_SELF = YES;
				CLANG_WARN_OBJC_LITERAL_CONVERSION = YES;
				CLANG_WARN_OBJC_ROOT_CLASS = YES_ERROR;
				CLANG_WARN_QUOTED_INCLUDE_IN_FRAMEWORK_HEADER = YES;
				CLANG_WARN_RANGE_LOOP_ANALYSIS = YES;
				CLANG_WARN_STRICT_PROTOTYPES = YES;
				CLANG_WARN_SUSPICIOUS_MOVE = YES;
				CLANG_WARN_UNGUARDED_AVAILABILITY = YES_AGGRESSIVE;
				CLANG_WARN_UNREACHABLE_CODE = YES;
				CLANG_WARN__DUPLICATE_METHOD_MATCH = YES;
				COPY_PHASE_STRIP = NO;
				DEBUG_INFORMATION_FORMAT = dwarf;
				ENABLE_STRICT_OBJC_MSGSEND = YES;
				ENABLE_TESTABILITY = YES;
				GCC_C_LANGUAGE_STANDARD = gnu11;
				GCC_DYNAMIC_NO_PIC = NO;
				GCC_NO_COMMON_BLOCKS = YES;
				GCC_OPTIMIZATION_LEVEL = 0;
				GCC_PREPROCESSOR_DEFINITIONS = (
					"DEBUG=1",
					"$(inherited)",
				);
				GCC_WARN_64_TO_32_BIT_CONVERSION = YES;
				GCC_WARN_ABOUT_RETURN_TYPE = YES_ERROR;
				GCC_WARN_UNDECLARED_SELECTOR = YES;
				GCC_WARN_UNINITIALIZED_AUTOS = YES_AGGRESSIVE;
				GCC_WARN_UNUSED_FUNCTION = YES;
				GCC_WARN_UNUSED_VARIABLE = YES;
				IPHONEOS_DEPLOYMENT_TARGET = 16.0;
				MTL_ENABLE_DEBUG_INFO = INCLUDE_SOURCE;
				MTL_FAST_MATH = YES;
				ONLY_ACTIVE_ARCH = YES;
				SDKROOT = iphoneos;
				SWIFT_ACTIVE_COMPILATION_CONDITIONS = DEBUG;
				SWIFT_OPTIMIZATION_LEVEL = "-Onone";
			};
			name = Debug;
		};
		637D9C7128912B8000E8BC19 /* Release */ = {
			isa = XCBuildConfiguration;
			buildSettings = {
				ALWAYS_SEARCH_USER_PATHS = NO;
				CLANG_ANALYZER_NONNULL = YES;
				CLANG_ANALYZER_NUMBER_OBJECT_CONVERSION = YES_AGGRESSIVE;
				CLANG_CXX_LANGUAGE_STANDARD = "gnu++17";
				CLANG_ENABLE_MODULES = YES;
				CLANG_ENABLE_OBJC_ARC = YES;
				CLANG_ENABLE_OBJC_WEAK = YES;
				CLANG_WARN_BLOCK_CAPTURE_AUTORELEASING = YES;
				CLANG_WARN_BOOL_CONVERSION = YES;
				CLANG_WARN_COMMA = YES;
				CLANG_WARN_CONSTANT_CONVERSION = YES;
				CLANG_WARN_DEPRECATED_OBJC_IMPLEMENTATIONS = YES;
				CLANG_WARN_DIRECT_OBJC_ISA_USAGE = YES_ERROR;
				CLANG_WARN_DOCUMENTATION_COMMENTS = YES;
				CLANG_WARN_EMPTY_BODY = YES;
				CLANG_WARN_ENUM_CONVERSION = YES;
				CLANG_WARN_INFINITE_RECURSION = YES;
				CLANG_WARN_INT_CONVERSION = YES;
				CLANG_WARN_NON_LITERAL_NULL_CONVERSION = YES;
				CLANG_WARN_OBJC_IMPLICIT_RETAIN_SELF = YES;
				CLANG_WARN_OBJC_LITERAL_CONVERSION = YES;
				CLANG_WARN_OBJC_ROOT_CLASS = YES_ERROR;
				CLANG_WARN_QUOTED_INCLUDE_IN_FRAMEWORK_HEADER = YES;
				CLANG_WARN_RANGE_LOOP_ANALYSIS = YES;
				CLANG_WARN_STRICT_PROTOTYPES = YES;
				CLANG_WARN_SUSPICIOUS_MOVE = YES;
				CLANG_WARN_UNGUARDED_AVAILABILITY = YES_AGGRESSIVE;
				CLANG_WARN_UNREACHABLE_CODE = YES;
				CLANG_WARN__DUPLICATE_METHOD_MATCH = YES;
				COPY_PHASE_STRIP = NO;
				DEBUG_INFORMATION_FORMAT = "dwarf-with-dsym";
				ENABLE_NS_ASSERTIONS = NO;
				ENABLE_STRICT_OBJC_MSGSEND = YES;
				GCC_C_LANGUAGE_STANDARD = gnu11;
				GCC_NO_COMMON_BLOCKS = YES;
				GCC_WARN_64_TO_32_BIT_CONVERSION = YES;
				GCC_WARN_ABOUT_RETURN_TYPE = YES_ERROR;
				GCC_WARN_UNDECLARED_SELECTOR = YES;
				GCC_WARN_UNINITIALIZED_AUTOS = YES_AGGRESSIVE;
				GCC_WARN_UNUSED_FUNCTION = YES;
				GCC_WARN_UNUSED_VARIABLE = YES;
				IPHONEOS_DEPLOYMENT_TARGET = 16.0;
				MTL_ENABLE_DEBUG_INFO = NO;
				MTL_FAST_MATH = YES;
				SDKROOT = iphoneos;
				SWIFT_COMPILATION_MODE = wholemodule;
				SWIFT_OPTIMIZATION_LEVEL = "-O";
				VALIDATE_PRODUCT = YES;
			};
			name = Release;
		};
		637D9C7328912B8000E8BC19 /* Debug */ = {
			isa = XCBuildConfiguration;
			buildSettings = {
				ASSETCATALOG_COMPILER_APPICON_NAME = AppIcon;
				ASSETCATALOG_COMPILER_GLOBAL_ACCENT_COLOR_NAME = AccentColor;
				CODE_SIGN_ENTITLEMENTS = ScrollBarDemo/ScrollBarDemo.entitlements;
				CODE_SIGN_STYLE = Automatic;
				CURRENT_PROJECT_VERSION = 1;
				DEVELOPMENT_TEAM = YJ8XYES89R;
				GENERATE_INFOPLIST_FILE = YES;
				INFOPLIST_FILE = ScrollBarDemo/Info.plist;
				INFOPLIST_KEY_UIApplicationSupportsIndirectInputEvents = YES;
				INFOPLIST_KEY_UILaunchStoryboardName = LaunchScreen;
				INFOPLIST_KEY_UIMainStoryboardFile = Main;
				INFOPLIST_KEY_UISupportedInterfaceOrientations_iPad = "UIInterfaceOrientationPortrait UIInterfaceOrientationPortraitUpsideDown UIInterfaceOrientationLandscapeLeft UIInterfaceOrientationLandscapeRight";
				INFOPLIST_KEY_UISupportedInterfaceOrientations_iPhone = "UIInterfaceOrientationPortrait UIInterfaceOrientationLandscapeLeft UIInterfaceOrientationLandscapeRight";
				LD_RUNPATH_SEARCH_PATHS = (
					"$(inherited)",
					"@executable_path/Frameworks",
				);
				MARKETING_VERSION = 1.0;
				PRODUCT_BUNDLE_IDENTIFIER = de.davidklopp.ScrollBarDemo;
				PRODUCT_NAME = "$(TARGET_NAME)";
				SUPPORTED_PLATFORMS = "iphoneos iphonesimulator";
				SUPPORTS_MACCATALYST = YES;
				SUPPORTS_MAC_DESIGNED_FOR_IPHONE_IPAD = NO;
				SWIFT_EMIT_LOC_STRINGS = YES;
				SWIFT_VERSION = 5.0;
				TARGETED_DEVICE_FAMILY = "1,2";
			};
			name = Debug;
		};
		637D9C7428912B8000E8BC19 /* Release */ = {
			isa = XCBuildConfiguration;
			buildSettings = {
				ASSETCATALOG_COMPILER_APPICON_NAME = AppIcon;
				ASSETCATALOG_COMPILER_GLOBAL_ACCENT_COLOR_NAME = AccentColor;
				CODE_SIGN_ENTITLEMENTS = ScrollBarDemo/ScrollBarDemo.entitlements;
				CODE_SIGN_STYLE = Automatic;
				CURRENT_PROJECT_VERSION = 1;
				DEVELOPMENT_TEAM = YJ8XYES89R;
				GENERATE_INFOPLIST_FILE = YES;
				INFOPLIST_FILE = ScrollBarDemo/Info.plist;
				INFOPLIST_KEY_UIApplicationSupportsIndirectInputEvents = YES;
				INFOPLIST_KEY_UILaunchStoryboardName = LaunchScreen;
				INFOPLIST_KEY_UIMainStoryboardFile = Main;
				INFOPLIST_KEY_UISupportedInterfaceOrientations_iPad = "UIInterfaceOrientationPortrait UIInterfaceOrientationPortraitUpsideDown UIInterfaceOrientationLandscapeLeft UIInterfaceOrientationLandscapeRight";
				INFOPLIST_KEY_UISupportedInterfaceOrientations_iPhone = "UIInterfaceOrientationPortrait UIInterfaceOrientationLandscapeLeft UIInterfaceOrientationLandscapeRight";
				LD_RUNPATH_SEARCH_PATHS = (
					"$(inherited)",
					"@executable_path/Frameworks",
				);
				MARKETING_VERSION = 1.0;
				PRODUCT_BUNDLE_IDENTIFIER = de.davidklopp.ScrollBarDemo;
				PRODUCT_NAME = "$(TARGET_NAME)";
				SUPPORTED_PLATFORMS = "iphoneos iphonesimulator";
				SUPPORTS_MACCATALYST = YES;
				SUPPORTS_MAC_DESIGNED_FOR_IPHONE_IPAD = NO;
				SWIFT_EMIT_LOC_STRINGS = YES;
				SWIFT_VERSION = 5.0;
				TARGETED_DEVICE_FAMILY = "1,2";
			};
			name = Release;
		};
/* End XCBuildConfiguration section */

/* Begin XCConfigurationList section */
		637D9C5928912B7E00E8BC19 /* Build configuration list for PBXProject "ScrollBarDemo" */ = {
			isa = XCConfigurationList;
			buildConfigurations = (
				637D9C7028912B8000E8BC19 /* Debug */,
				637D9C7128912B8000E8BC19 /* Release */,
			);
			defaultConfigurationIsVisible = 0;
			defaultConfigurationName = Release;
		};
		637D9C7228912B8000E8BC19 /* Build configuration list for PBXNativeTarget "ScrollBarDemo" */ = {
			isa = XCConfigurationList;
			buildConfigurations = (
				637D9C7328912B8000E8BC19 /* Debug */,
				637D9C7428912B8000E8BC19 /* Release */,
			);
			defaultConfigurationIsVisible = 0;
			defaultConfigurationName = Release;
		};
/* End XCConfigurationList section */
	};
	rootObject = 637D9C5628912B7E00E8BC19 /* Project object */;
}
